
Microsoft Visual Studio Solution File, Format Version 12.00
# Visual Studio 15
Project("{FAE04EC0-301F-11D3-BF4B-00C04F79EFBC}") = "UnityEngine.UI", "UnityEngine.UI.csproj", "{5C19C26E-60E6-35D3-9175-C1BA2147F21F}"
EndProject
Project("{FAE04EC0-301F-11D3-BF4B-00C04F79EFBC}") = "UnityEngine.TestRunner", "UnityEngine.TestRunner.csproj", "{6F52EA2C-EAC4-B303-487C-F37496AF0DA0}"
EndProject
Project("{FAE04EC0-301F-11D3-BF4B-00C04F79EFBC}") = "Unity.Mathematics", "Unity.Mathematics.csproj", "{115FFB15-959B-47F3-95DB-F13A4FC1FFDB}"
EndProject
Project("{FAE04EC0-301F-11D3-BF4B-00C04F79EFBC}") = "Unity.2D.Animation.Triangle.Runtime", "Unity.2D.Animation.Triangle.Runtime.csproj", "{7D612193-99BC-314B-696C-AF5656386410}"
EndProject
Project("{FAE04EC0-301F-11D3-BF4B-00C04F79EFBC}") = "Assembly-CSharp", "Assembly-CSharp.csproj", "{F3DED275-D8CA-B062-05ED-ED77D954D0D3}"
EndProject
Project("{FAE04EC0-301F-11D3-BF4B-00C04F79EFBC}") = "Unity.Timeline", "Unity.Timeline.csproj", "{4776C585-434C-EFE8-CE31-D03E32FD7FB4}"
EndProject
Project("{FAE04EC0-301F-11D3-BF4B-00C04F79EFBC}") = "Unity.TextMeshPro", "Unity.TextMeshPro.csproj", "{85F8A918-A930-21D3-C66F-38D0CE28E330}"
EndProject
Project("{FAE04EC0-301F-11D3-BF4B-00C04F79EFBC}") = "Unity.2D.Animation.Runtime", "Unity.2D.Animation.Runtime.csproj", "{B0EC2347-69D5-7048-9E71-90A29CBC9E92}"
EndProject
Project("{FAE04EC0-301F-11D3-BF4B-00C04F79EFBC}") = "Unity.2D.IK.Runtime", "Unity.2D.IK.Runtime.csproj", "{6EF335C6-FB10-A35B-1B31-1CCDA1E523DE}"
EndProject
Project("{FAE04EC0-301F-11D3-BF4B-00C04F79EFBC}") = "Unity.2D.SpriteShape.Runtime", "Unity.2D.SpriteShape.Runtime.csproj", "{8CA5602D-1C76-536A-BA1C-BF7CFE4773F9}"
EndProject
Project("{FAE04EC0-301F-11D3-BF4B-00C04F79EFBC}") = "Unity.2D.PixelPerfect", "Unity.2D.PixelPerfect.csproj", "{E98B3426-23E5-4E90-C32A-C0DDB5777AEC}"
EndProject
Project("{FAE04EC0-301F-11D3-BF4B-00C04F79EFBC}") = "Unity.2D.Common.Runtime", "Unity.2D.Common.Runtime.csproj", "{1FFB3989-4194-1265-9C56-9AECD959BCEE}"
EndProject
Project("{FAE04EC0-301F-11D3-BF4B-00C04F79EFBC}") = "Unity.InternalAPIEngineBridge.001", "Unity.InternalAPIEngineBridge.001.csproj", "{F13D1EF7-7E0B-09E5-CDD4-0EF219E56EE3}"
EndProject
Project("{FAE04EC0-301F-11D3-BF4B-00C04F79EFBC}") = "UnityEditor.TestRunner", "UnityEditor.TestRunner.csproj", "{08C7F447-D272-41C4-9C89-B543335E1682}"
EndProject
Project("{FAE04EC0-301F-11D3-BF4B-00C04F79EFBC}") = "Unity.PlasticSCM.Editor", "Unity.PlasticSCM.Editor.csproj", "{BAE3CB33-EC22-B915-5101-B3BA1ECA2588}"
EndProject
Project("{FAE04EC0-301F-11D3-BF4B-00C04F79EFBC}") = "UnityEditor.UI", "UnityEditor.UI.csproj", "{4C827A98-A6AC-A3E8-87B2-35ABA81B5717}"
EndProject
Project("{FAE04EC0-301F-11D3-BF4B-00C04F79EFBC}") = "Unity.Timeline.Editor", "Unity.Timeline.Editor.csproj", "{808BCE81-AADC-4FC5-268C-F68486435E60}"
EndProject
Project("{FAE04EC0-301F-11D3-BF4B-00C04F79EFBC}") = "Unity.VisualStudio.Editor", "Unity.VisualStudio.Editor.csproj", "{F3C9412E-EC7F-4FAF-207A-D4B49300318A}"
EndProject
Project("{FAE04EC0-301F-11D3-BF4B-00C04F79EFBC}") = "Unity.2D.Psdimporter.Editor", "Unity.2D.Psdimporter.Editor.csproj", "{A566C631-8AD3-90E8-E375-C9FBB04BFBD8}"
EndProject
Project("{FAE04EC0-301F-11D3-BF4B-00C04F79EFBC}") = "Unity.2D.Animation.Editor", "Unity.2D.Animation.Editor.csproj", "{4D6E429F-0FEE-6D1A-E04C-43250396D14E}"
EndProject
Project("{FAE04EC0-301F-11D3-BF4B-00C04F79EFBC}") = "Unity.TextMeshPro.Editor", "Unity.TextMeshPro.Editor.csproj", "{7B4A702B-40A9-A133-F289-FAE373A59384}"
EndProject
Project("{FAE04EC0-301F-11D3-BF4B-00C04F79EFBC}") = "Unity.2D.SpriteShape.Editor", "Unity.2D.SpriteShape.Editor.csproj", "{71237FBE-05D4-139F-77AF-35F918DFF0CC}"
EndProject
Project("{FAE04EC0-301F-11D3-BF4B-00C04F79EFBC}") = "Unity.CollabProxy.Editor", "Unity.CollabProxy.Editor.csproj", "{C80AFBCE-D625-DEAB-9436-395573A7CA81}"
EndProject
Project("{FAE04EC0-301F-11D3-BF4B-00C04F79EFBC}") = "PsdPlugin", "PsdPlugin.csproj", "{1A918DC1-9162-B85D-6EF1-CB19BFF74728}"
EndProject
Project("{FAE04EC0-301F-11D3-BF4B-00C04F79EFBC}") = "Unity.2D.Path.Editor", "Unity.2D.Path.Editor.csproj", "{F14D7FF1-774C-1BD9-D1C5-C5383EF41BF1}"
EndProject
Project("{FAE04EC0-301F-11D3-BF4B-00C04F79EFBC}") = "Unity.Rider.Editor", "Unity.Rider.Editor.csproj", "{C649AFB0-8EB6-024C-67DE-FD7C43510FC0}"
EndProject
Project("{FAE04EC0-301F-11D3-BF4B-00C04F79EFBC}") = "Unity.2D.IK.Editor", "Unity.2D.IK.Editor.csproj", "{0268A137-7239-13A5-538D-6B3354A32460}"
EndProject
Project("{FAE04EC0-301F-11D3-BF4B-00C04F79EFBC}") = "Unity.2D.Sprite.Editor", "Unity.2D.Sprite.Editor.csproj", "{CEC76E58-BA05-B6A3-2DE8-7716D31C9338}"
EndProject
Project("{FAE04EC0-301F-11D3-BF4B-00C04F79EFBC}") = "Unity.2D.Tilemap.Editor", "Unity.2D.Tilemap.Editor.csproj", "{81A86441-FBB6-3857-C6DB-779003758CD6}"
EndProject
Project("{FAE04EC0-301F-11D3-BF4B-00C04F79EFBC}") = "Unity.2D.PixelPerfect.Editor", "Unity.2D.PixelPerfect.Editor.csproj", "{C09DDD2A-BC9C-C542-2EBA-160F4A8D2C8C}"
EndProject
Project("{FAE04EC0-301F-11D3-BF4B-00C04F79EFBC}") = "Unity.VSCode.Editor", "Unity.VSCode.Editor.csproj", "{2E03001D-8451-B4EC-70C1-A7034DD9F48D}"
EndProject
Project("{FAE04EC0-301F-11D3-BF4B-00C04F79EFBC}") = "Unity.2D.Common.Editor", "Unity.2D.Common.Editor.csproj", "{2BC8BBC7-3C83-3857-8617-62E8627F58B4}"
EndProject
Project("{FAE04EC0-301F-11D3-BF4B-00C04F79EFBC}") = "Unity.Mathematics.Editor", "Unity.Mathematics.Editor.csproj", "{CE4DAA5C-DC81-BEFA-E013-3B96C95529B8}"
EndProject
Project("{FAE04EC0-301F-11D3-BF4B-00C04F79EFBC}") = "Unity.InternalAPIEditorBridge.001", "Unity.InternalAPIEditorBridge.001.csproj", "{6F0FEA20-D83B-A8F3-6CC5-9BCE41AC5ABD}"
EndProject
Project("{FAE04EC0-301F-11D3-BF4B-00C04F79EFBC}") = "UnityEngine.UI", "UnityEngine.UI.Player.csproj", "{44C9A999-1568-BE5D-D039-8EA5F25C2D76}"
EndProject
Project("{FAE04EC0-301F-11D3-BF4B-00C04F79EFBC}") = "UnityEngine.TestRunner", "UnityEngine.TestRunner.Player.csproj", "{3F2438FF-51F3-3CDB-402E-405DEA2FDD72}"
EndProject
Project("{FAE04EC0-301F-11D3-BF4B-00C04F79EFBC}") = "Unity.Mathematics", "Unity.Mathematics.Player.csproj", "{3B868199-E04D-C4D9-03E2-8190E36B7FB9}"
EndProject
Project("{FAE04EC0-301F-11D3-BF4B-00C04F79EFBC}") = "Unity.2D.Animation.Triangle.Runtime", "Unity.2D.Animation.Triangle.Runtime.Player.csproj", "{2E4BA8BF-7BEA-3C76-7AB2-60695178B8D6}"
EndProject
Project("{FAE04EC0-301F-11D3-BF4B-00C04F79EFBC}") = "Assembly-CSharp", "Assembly-CSharp.Player.csproj", "{C1898BCE-BADA-521B-6E7A-4D0E7AD039C8}"
EndProject
Project("{FAE04EC0-301F-11D3-BF4B-00C04F79EFBC}") = "Unity.Timeline", "Unity.Timeline.Player.csproj", "{E3E3BB05-0F26-1B73-8544-5D29B45C7359}"
EndProject
Project("{FAE04EC0-301F-11D3-BF4B-00C04F79EFBC}") = "Unity.TextMeshPro", "Unity.TextMeshPro.Player.csproj", "{618F30D9-2A40-72C4-5783-1510871F4D38}"
EndProject
Project("{FAE04EC0-301F-11D3-BF4B-00C04F79EFBC}") = "Unity.2D.Animation.Runtime", "Unity.2D.Animation.Runtime.Player.csproj", "{069AE2D0-9671-32EF-B3FD-591C8D0B1797}"
EndProject
Project("{FAE04EC0-301F-11D3-BF4B-00C04F79EFBC}") = "Unity.2D.IK.Runtime", "Unity.2D.IK.Runtime.Player.csproj", "{45F53A1E-24D3-902D-DD5B-DDB77D2719E5}"
EndProject
Project("{FAE04EC0-301F-11D3-BF4B-00C04F79EFBC}") = "Unity.2D.SpriteShape.Runtime", "Unity.2D.SpriteShape.Runtime.Player.csproj", "{013F15CA-A9E7-2D5B-CA09-55939A5AB0F9}"
EndProject
Project("{FAE04EC0-301F-11D3-BF4B-00C04F79EFBC}") = "Unity.2D.PixelPerfect", "Unity.2D.PixelPerfect.Player.csproj", "{B1952123-01CE-5717-4E5A-CD7FA4F43A0C}"
EndProject
Project("{FAE04EC0-301F-11D3-BF4B-00C04F79EFBC}") = "Unity.2D.Common.Runtime", "Unity.2D.Common.Runtime.Player.csproj", "{20C23ADB-93A2-2992-0653-6D56B2FA34E5}"
EndProject
Project("{FAE04EC0-301F-11D3-BF4B-00C04F79EFBC}") = "Unity.InternalAPIEngineBridge.001", "Unity.InternalAPIEngineBridge.001.Player.csproj", "{6DE4AD5C-896A-6530-754A-1BD49BD17B1E}"
EndProject
Global
	GlobalSection(SolutionConfigurationPlatforms) = preSolution
		Debug|Any CPU = Debug|Any CPU
		Release|Any CPU = Release|Any CPU
	EndGlobalSection
	GlobalSection(ProjectConfigurationPlatforms) = postSolution
		{5C19C26E-60E6-35D3-9175-C1BA2147F21F}.Debug|Any CPU.ActiveCfg = Debug|Any CPU
		{5C19C26E-60E6-35D3-9175-C1BA2147F21F}.Debug|Any CPU.Build.0 = Debug|Any CPU
		{5C19C26E-60E6-35D3-9175-C1BA2147F21F}.Release|Any CPU.ActiveCfg = Release|Any CPU
		{5C19C26E-60E6-35D3-9175-C1BA2147F21F}.Release|Any CPU.Build.0 = Release|Any CPU
		{6F52EA2C-EAC4-B303-487C-F37496AF0DA0}.Debug|Any CPU.ActiveCfg = Debug|Any CPU
		{6F52EA2C-EAC4-B303-487C-F37496AF0DA0}.Debug|Any CPU.Build.0 = Debug|Any CPU
		{6F52EA2C-EAC4-B303-487C-F37496AF0DA0}.Release|Any CPU.ActiveCfg = Release|Any CPU
		{6F52EA2C-EAC4-B303-487C-F37496AF0DA0}.Release|Any CPU.Build.0 = Release|Any CPU
		{115FFB15-959B-47F3-95DB-F13A4FC1FFDB}.Debug|Any CPU.ActiveCfg = Debug|Any CPU
		{115FFB15-959B-47F3-95DB-F13A4FC1FFDB}.Debug|Any CPU.Build.0 = Debug|Any CPU
		{115FFB15-959B-47F3-95DB-F13A4FC1FFDB}.Release|Any CPU.ActiveCfg = Release|Any CPU
		{115FFB15-959B-47F3-95DB-F13A4FC1FFDB}.Release|Any CPU.Build.0 = Release|Any CPU
		{7D612193-99BC-314B-696C-AF5656386410}.Debug|Any CPU.ActiveCfg = Debug|Any CPU
		{7D612193-99BC-314B-696C-AF5656386410}.Debug|Any CPU.Build.0 = Debug|Any CPU
		{7D612193-99BC-314B-696C-AF5656386410}.Release|Any CPU.ActiveCfg = Release|Any CPU
		{7D612193-99BC-314B-696C-AF5656386410}.Release|Any CPU.Build.0 = Release|Any CPU
		{F3DED275-D8CA-B062-05ED-ED77D954D0D3}.Debug|Any CPU.ActiveCfg = Debug|Any CPU
		{F3DED275-D8CA-B062-05ED-ED77D954D0D3}.Debug|Any CPU.Build.0 = Debug|Any CPU
		{F3DED275-D8CA-B062-05ED-ED77D954D0D3}.Release|Any CPU.ActiveCfg = Release|Any CPU
		{F3DED275-D8CA-B062-05ED-ED77D954D0D3}.Release|Any CPU.Build.0 = Release|Any CPU
		{4776C585-434C-EFE8-CE31-D03E32FD7FB4}.Debug|Any CPU.ActiveCfg = Debug|Any CPU
		{4776C585-434C-EFE8-CE31-D03E32FD7FB4}.Debug|Any CPU.Build.0 = Debug|Any CPU
		{4776C585-434C-EFE8-CE31-D03E32FD7FB4}.Release|Any CPU.ActiveCfg = Release|Any CPU
		{4776C585-434C-EFE8-CE31-D03E32FD7FB4}.Release|Any CPU.Build.0 = Release|Any CPU
		{85F8A918-A930-21D3-C66F-38D0CE28E330}.Debug|Any CPU.ActiveCfg = Debug|Any CPU
		{85F8A918-A930-21D3-C66F-38D0CE28E330}.Debug|Any CPU.Build.0 = Debug|Any CPU
		{85F8A918-A930-21D3-C66F-38D0CE28E330}.Release|Any CPU.ActiveCfg = Release|Any CPU
		{85F8A918-A930-21D3-C66F-38D0CE28E330}.Release|Any CPU.Build.0 = Release|Any CPU
		{B0EC2347-69D5-7048-9E71-90A29CBC9E92}.Debug|Any CPU.ActiveCfg = Debug|Any CPU
		{B0EC2347-69D5-7048-9E71-90A29CBC9E92}.Debug|Any CPU.Build.0 = Debug|Any CPU
		{B0EC2347-69D5-7048-9E71-90A29CBC9E92}.Release|Any CPU.ActiveCfg = Release|Any CPU
		{B0EC2347-69D5-7048-9E71-90A29CBC9E92}.Release|Any CPU.Build.0 = Release|Any CPU
		{6EF335C6-FB10-A35B-1B31-1CCDA1E523DE}.Debug|Any CPU.ActiveCfg = Debug|Any CPU
		{6EF335C6-FB10-A35B-1B31-1CCDA1E523DE}.Debug|Any CPU.Build.0 = Debug|Any CPU
		{6EF335C6-FB10-A35B-1B31-1CCDA1E523DE}.Release|Any CPU.ActiveCfg = Release|Any CPU
		{6EF335C6-FB10-A35B-1B31-1CCDA1E523DE}.Release|Any CPU.Build.0 = Release|Any CPU
		{8CA5602D-1C76-536A-BA1C-BF7CFE4773F9}.Debug|Any CPU.ActiveCfg = Debug|Any CPU
		{8CA5602D-1C76-536A-BA1C-BF7CFE4773F9}.Debug|Any CPU.Build.0 = Debug|Any CPU
		{8CA5602D-1C76-536A-BA1C-BF7CFE4773F9}.Release|Any CPU.ActiveCfg = Release|Any CPU
		{8CA5602D-1C76-536A-BA1C-BF7CFE4773F9}.Release|Any CPU.Build.0 = Release|Any CPU
		{E98B3426-23E5-4E90-C32A-C0DDB5777AEC}.Debug|Any CPU.ActiveCfg = Debug|Any CPU
		{E98B3426-23E5-4E90-C32A-C0DDB5777AEC}.Debug|Any CPU.Build.0 = Debug|Any CPU
		{E98B3426-23E5-4E90-C32A-C0DDB5777AEC}.Release|Any CPU.ActiveCfg = Release|Any CPU
		{E98B3426-23E5-4E90-C32A-C0DDB5777AEC}.Release|Any CPU.Build.0 = Release|Any CPU
		{1FFB3989-4194-1265-9C56-9AECD959BCEE}.Debug|Any CPU.ActiveCfg = Debug|Any CPU
		{1FFB3989-4194-1265-9C56-9AECD959BCEE}.Debug|Any CPU.Build.0 = Debug|Any CPU
		{1FFB3989-4194-1265-9C56-9AECD959BCEE}.Release|Any CPU.ActiveCfg = Release|Any CPU
		{1FFB3989-4194-1265-9C56-9AECD959BCEE}.Release|Any CPU.Build.0 = Release|Any CPU
		{F13D1EF7-7E0B-09E5-CDD4-0EF219E56EE3}.Debug|Any CPU.ActiveCfg = Debug|Any CPU
		{F13D1EF7-7E0B-09E5-CDD4-0EF219E56EE3}.Debug|Any CPU.Build.0 = Debug|Any CPU
		{F13D1EF7-7E0B-09E5-CDD4-0EF219E56EE3}.Release|Any CPU.ActiveCfg = Release|Any CPU
		{F13D1EF7-7E0B-09E5-CDD4-0EF219E56EE3}.Release|Any CPU.Build.0 = Release|Any CPU
		{08C7F447-D272-41C4-9C89-B543335E1682}.Debug|Any CPU.ActiveCfg = Debug|Any CPU
		{08C7F447-D272-41C4-9C89-B543335E1682}.Debug|Any CPU.Build.0 = Debug|Any CPU
		{08C7F447-D272-41C4-9C89-B543335E1682}.Release|Any CPU.ActiveCfg = Release|Any CPU
		{08C7F447-D272-41C4-9C89-B543335E1682}.Release|Any CPU.Build.0 = Release|Any CPU
		{BAE3CB33-EC22-B915-5101-B3BA1ECA2588}.Debug|Any CPU.ActiveCfg = Debug|Any CPU
		{BAE3CB33-EC22-B915-5101-B3BA1ECA2588}.Debug|Any CPU.Build.0 = Debug|Any CPU
		{BAE3CB33-EC22-B915-5101-B3BA1ECA2588}.Release|Any CPU.ActiveCfg = Release|Any CPU
		{BAE3CB33-EC22-B915-5101-B3BA1ECA2588}.Release|Any CPU.Build.0 = Release|Any CPU
		{4C827A98-A6AC-A3E8-87B2-35ABA81B5717}.Debug|Any CPU.ActiveCfg = Debug|Any CPU
		{4C827A98-A6AC-A3E8-87B2-35ABA81B5717}.Debug|Any CPU.Build.0 = Debug|Any CPU
		{4C827A98-A6AC-A3E8-87B2-35ABA81B5717}.Release|Any CPU.ActiveCfg = Release|Any CPU
		{4C827A98-A6AC-A3E8-87B2-35ABA81B5717}.Release|Any CPU.Build.0 = Release|Any CPU
		{808BCE81-AADC-4FC5-268C-F68486435E60}.Debug|Any CPU.ActiveCfg = Debug|Any CPU
		{808BCE81-AADC-4FC5-268C-F68486435E60}.Debug|Any CPU.Build.0 = Debug|Any CPU
		{808BCE81-AADC-4FC5-268C-F68486435E60}.Release|Any CPU.ActiveCfg = Release|Any CPU
		{808BCE81-AADC-4FC5-268C-F68486435E60}.Release|Any CPU.Build.0 = Release|Any CPU
		{F3C9412E-EC7F-4FAF-207A-D4B49300318A}.Debug|Any CPU.ActiveCfg = Debug|Any CPU
		{F3C9412E-EC7F-4FAF-207A-D4B49300318A}.Debug|Any CPU.Build.0 = Debug|Any CPU
		{F3C9412E-EC7F-4FAF-207A-D4B49300318A}.Release|Any CPU.ActiveCfg = Release|Any CPU
		{F3C9412E-EC7F-4FAF-207A-D4B49300318A}.Release|Any CPU.Build.0 = Release|Any CPU
		{A566C631-8AD3-90E8-E375-C9FBB04BFBD8}.Debug|Any CPU.ActiveCfg = Debug|Any CPU
		{A566C631-8AD3-90E8-E375-C9FBB04BFBD8}.Debug|Any CPU.Build.0 = Debug|Any CPU
		{A566C631-8AD3-90E8-E375-C9FBB04BFBD8}.Release|Any CPU.ActiveCfg = Release|Any CPU
		{A566C631-8AD3-90E8-E375-C9FBB04BFBD8}.Release|Any CPU.Build.0 = Release|Any CPU
		{4D6E429F-0FEE-6D1A-E04C-43250396D14E}.Debug|Any CPU.ActiveCfg = Debug|Any CPU
		{4D6E429F-0FEE-6D1A-E04C-43250396D14E}.Debug|Any CPU.Build.0 = Debug|Any CPU
		{4D6E429F-0FEE-6D1A-E04C-43250396D14E}.Release|Any CPU.ActiveCfg = Release|Any CPU
		{4D6E429F-0FEE-6D1A-E04C-43250396D14E}.Release|Any CPU.Build.0 = Release|Any CPU
		{7B4A702B-40A9-A133-F289-FAE373A59384}.Debug|Any CPU.ActiveCfg = Debug|Any CPU
		{7B4A702B-40A9-A133-F289-FAE373A59384}.Debug|Any CPU.Build.0 = Debug|Any CPU
		{7B4A702B-40A9-A133-F289-FAE373A59384}.Release|Any CPU.ActiveCfg = Release|Any CPU
		{7B4A702B-40A9-A133-F289-FAE373A59384}.Release|Any CPU.Build.0 = Release|Any CPU
		{71237FBE-05D4-139F-77AF-35F918DFF0CC}.Debug|Any CPU.ActiveCfg = Debug|Any CPU
		{71237FBE-05D4-139F-77AF-35F918DFF0CC}.Debug|Any CPU.Build.0 = Debug|Any CPU
		{71237FBE-05D4-139F-77AF-35F918DFF0CC}.Release|Any CPU.ActiveCfg = Release|Any CPU
		{71237FBE-05D4-139F-77AF-35F918DFF0CC}.Release|Any CPU.Build.0 = Release|Any CPU
		{C80AFBCE-D625-DEAB-9436-395573A7CA81}.Debug|Any CPU.ActiveCfg = Debug|Any CPU
		{C80AFBCE-D625-DEAB-9436-395573A7CA81}.Debug|Any CPU.Build.0 = Debug|Any CPU
		{C80AFBCE-D625-DEAB-9436-395573A7CA81}.Release|Any CPU.ActiveCfg = Release|Any CPU
		{C80AFBCE-D625-DEAB-9436-395573A7CA81}.Release|Any CPU.Build.0 = Release|Any CPU
		{1A918DC1-9162-B85D-6EF1-CB19BFF74728}.Debug|Any CPU.ActiveCfg = Debug|Any CPU
		{1A918DC1-9162-B85D-6EF1-CB19BFF74728}.Debug|Any CPU.Build.0 = Debug|Any CPU
		{1A918DC1-9162-B85D-6EF1-CB19BFF74728}.Release|Any CPU.ActiveCfg = Release|Any CPU
		{1A918DC1-9162-B85D-6EF1-CB19BFF74728}.Release|Any CPU.Build.0 = Release|Any CPU
		{F14D7FF1-774C-1BD9-D1C5-C5383EF41BF1}.Debug|Any CPU.ActiveCfg = Debug|Any CPU
		{F14D7FF1-774C-1BD9-D1C5-C5383EF41BF1}.Debug|Any CPU.Build.0 = Debug|Any CPU
		{F14D7FF1-774C-1BD9-D1C5-C5383EF41BF1}.Release|Any CPU.ActiveCfg = Release|Any CPU
		{F14D7FF1-774C-1BD9-D1C5-C5383EF41BF1}.Release|Any CPU.Build.0 = Release|Any CPU
		{C649AFB0-8EB6-024C-67DE-FD7C43510FC0}.Debug|Any CPU.ActiveCfg = Debug|Any CPU
		{C649AFB0-8EB6-024C-67DE-FD7C43510FC0}.Debug|Any CPU.Build.0 = Debug|Any CPU
		{C649AFB0-8EB6-024C-67DE-FD7C43510FC0}.Release|Any CPU.ActiveCfg = Release|Any CPU
		{C649AFB0-8EB6-024C-67DE-FD7C43510FC0}.Release|Any CPU.Build.0 = Release|Any CPU
		{0268A137-7239-13A5-538D-6B3354A32460}.Debug|Any CPU.ActiveCfg = Debug|Any CPU
		{0268A137-7239-13A5-538D-6B3354A32460}.Debug|Any CPU.Build.0 = Debug|Any CPU
		{0268A137-7239-13A5-538D-6B3354A32460}.Release|Any CPU.ActiveCfg = Release|Any CPU
		{0268A137-7239-13A5-538D-6B3354A32460}.Release|Any CPU.Build.0 = Release|Any CPU
		{CEC76E58-BA05-B6A3-2DE8-7716D31C9338}.Debug|Any CPU.ActiveCfg = Debug|Any CPU
		{CEC76E58-BA05-B6A3-2DE8-7716D31C9338}.Debug|Any CPU.Build.0 = Debug|Any CPU
		{CEC76E58-BA05-B6A3-2DE8-7716D31C9338}.Release|Any CPU.ActiveCfg = Release|Any CPU
		{CEC76E58-BA05-B6A3-2DE8-7716D31C9338}.Release|Any CPU.Build.0 = Release|Any CPU
		{81A86441-FBB6-3857-C6DB-779003758CD6}.Debug|Any CPU.ActiveCfg = Debug|Any CPU
		{81A86441-FBB6-3857-C6DB-779003758CD6}.Debug|Any CPU.Build.0 = Debug|Any CPU
		{81A86441-FBB6-3857-C6DB-779003758CD6}.Release|Any CPU.ActiveCfg = Release|Any CPU
		{81A86441-FBB6-3857-C6DB-779003758CD6}.Release|Any CPU.Build.0 = Release|Any CPU
		{C09DDD2A-BC9C-C542-2EBA-160F4A8D2C8C}.Debug|Any CPU.ActiveCfg = Debug|Any CPU
		{C09DDD2A-BC9C-C542-2EBA-160F4A8D2C8C}.Debug|Any CPU.Build.0 = Debug|Any CPU
		{C09DDD2A-BC9C-C542-2EBA-160F4A8D2C8C}.Release|Any CPU.ActiveCfg = Release|Any CPU
		{C09DDD2A-BC9C-C542-2EBA-160F4A8D2C8C}.Release|Any CPU.Build.0 = Release|Any CPU
		{2E03001D-8451-B4EC-70C1-A7034DD9F48D}.Debug|Any CPU.ActiveCfg = Debug|Any CPU
		{2E03001D-8451-B4EC-70C1-A7034DD9F48D}.Debug|Any CPU.Build.0 = Debug|Any CPU
		{2E03001D-8451-B4EC-70C1-A7034DD9F48D}.Release|Any CPU.ActiveCfg = Release|Any CPU
		{2E03001D-8451-B4EC-70C1-A7034DD9F48D}.Release|Any CPU.Build.0 = Release|Any CPU
		{2BC8BBC7-3C83-3857-8617-62E8627F58B4}.Debug|Any CPU.ActiveCfg = Debug|Any CPU
		{2BC8BBC7-3C83-3857-8617-62E8627F58B4}.Debug|Any CPU.Build.0 = Debug|Any CPU
		{2BC8BBC7-3C83-3857-8617-62E8627F58B4}.Release|Any CPU.ActiveCfg = Release|Any CPU
		{2BC8BBC7-3C83-3857-8617-62E8627F58B4}.Release|Any CPU.Build.0 = Release|Any CPU
		{CE4DAA5C-DC81-BEFA-E013-3B96C95529B8}.Debug|Any CPU.ActiveCfg = Debug|Any CPU
		{CE4DAA5C-DC81-BEFA-E013-3B96C95529B8}.Debug|Any CPU.Build.0 = Debug|Any CPU
		{CE4DAA5C-DC81-BEFA-E013-3B96C95529B8}.Release|Any CPU.ActiveCfg = Release|Any CPU
		{CE4DAA5C-DC81-BEFA-E013-3B96C95529B8}.Release|Any CPU.Build.0 = Release|Any CPU
		{6F0FEA20-D83B-A8F3-6CC5-9BCE41AC5ABD}.Debug|Any CPU.ActiveCfg = Debug|Any CPU
		{6F0FEA20-D83B-A8F3-6CC5-9BCE41AC5ABD}.Debug|Any CPU.Build.0 = Debug|Any CPU
		{6F0FEA20-D83B-A8F3-6CC5-9BCE41AC5ABD}.Release|Any CPU.ActiveCfg = Release|Any CPU
		{6F0FEA20-D83B-A8F3-6CC5-9BCE41AC5ABD}.Release|Any CPU.Build.0 = Release|Any CPU
		{44C9A999-1568-BE5D-D039-8EA5F25C2D76}.Debug|Any CPU.ActiveCfg = Debug|Any CPU
		{44C9A999-1568-BE5D-D039-8EA5F25C2D76}.Debug|Any CPU.Build.0 = Debug|Any CPU
		{44C9A999-1568-BE5D-D039-8EA5F25C2D76}.Release|Any CPU.ActiveCfg = Release|Any CPU
		{44C9A999-1568-BE5D-D039-8EA5F25C2D76}.Release|Any CPU.Build.0 = Release|Any CPU
		{3F2438FF-51F3-3CDB-402E-405DEA2FDD72}.Debug|Any CPU.ActiveCfg = Debug|Any CPU
		{3F2438FF-51F3-3CDB-402E-405DEA2FDD72}.Debug|Any CPU.Build.0 = Debug|Any CPU
		{3F2438FF-51F3-3CDB-402E-405DEA2FDD72}.Release|Any CPU.ActiveCfg = Release|Any CPU
		{3F2438FF-51F3-3CDB-402E-405DEA2FDD72}.Release|Any CPU.Build.0 = Release|Any CPU
		{3B868199-E04D-C4D9-03E2-8190E36B7FB9}.Debug|Any CPU.ActiveCfg = Debug|Any CPU
		{3B868199-E04D-C4D9-03E2-8190E36B7FB9}.Debug|Any CPU.Build.0 = Debug|Any CPU
		{3B868199-E04D-C4D9-03E2-8190E36B7FB9}.Release|Any CPU.ActiveCfg = Release|Any CPU
		{3B868199-E04D-C4D9-03E2-8190E36B7FB9}.Release|Any CPU.Build.0 = Release|Any CPU
		{2E4BA8BF-7BEA-3C76-7AB2-60695178B8D6}.Debug|Any CPU.ActiveCfg = Debug|Any CPU
		{2E4BA8BF-7BEA-3C76-7AB2-60695178B8D6}.Debug|Any CPU.Build.0 = Debug|Any CPU
		{2E4BA8BF-7BEA-3C76-7AB2-60695178B8D6}.Release|Any CPU.ActiveCfg = Release|Any CPU
		{2E4BA8BF-7BEA-3C76-7AB2-60695178B8D6}.Release|Any CPU.Build.0 = Release|Any CPU
		{C1898BCE-BADA-521B-6E7A-4D0E7AD039C8}.Debug|Any CPU.ActiveCfg = Debug|Any CPU
		{C1898BCE-BADA-521B-6E7A-4D0E7AD039C8}.Debug|Any CPU.Build.0 = Debug|Any CPU
		{C1898BCE-BADA-521B-6E7A-4D0E7AD039C8}.Release|Any CPU.ActiveCfg = Release|Any CPU
		{C1898BCE-BADA-521B-6E7A-4D0E7AD039C8}.Release|Any CPU.Build.0 = Release|Any CPU
		{E3E3BB05-0F26-1B73-8544-5D29B45C7359}.Debug|Any CPU.ActiveCfg = Debug|Any CPU
		{E3E3BB05-0F26-1B73-8544-5D29B45C7359}.Debug|Any CPU.Build.0 = Debug|Any CPU
		{E3E3BB05-0F26-1B73-8544-5D29B45C7359}.Release|Any CPU.ActiveCfg = Release|Any CPU
		{E3E3BB05-0F26-1B73-8544-5D29B45C7359}.Release|Any CPU.Build.0 = Release|Any CPU
		{618F30D9-2A40-72C4-5783-1510871F4D38}.Debug|Any CPU.ActiveCfg = Debug|Any CPU
		{618F30D9-2A40-72C4-5783-1510871F4D38}.Debug|Any CPU.Build.0 = Debug|Any CPU
		{618F30D9-2A40-72C4-5783-1510871F4D38}.Release|Any CPU.ActiveCfg = Release|Any CPU
		{618F30D9-2A40-72C4-5783-1510871F4D38}.Release|Any CPU.Build.0 = Release|Any CPU
		{069AE2D0-9671-32EF-B3FD-591C8D0B1797}.Debug|Any CPU.ActiveCfg = Debug|Any CPU
		{069AE2D0-9671-32EF-B3FD-591C8D0B1797}.Debug|Any CPU.Build.0 = Debug|Any CPU
		{069AE2D0-9671-32EF-B3FD-591C8D0B1797}.Release|Any CPU.ActiveCfg = Release|Any CPU
		{069AE2D0-9671-32EF-B3FD-591C8D0B1797}.Release|Any CPU.Build.0 = Release|Any CPU
		{45F53A1E-24D3-902D-DD5B-DDB77D2719E5}.Debug|Any CPU.ActiveCfg = Debug|Any CPU
		{45F53A1E-24D3-902D-DD5B-DDB77D2719E5}.Debug|Any CPU.Build.0 = Debug|Any CPU
		{45F53A1E-24D3-902D-DD5B-DDB77D2719E5}.Release|Any CPU.ActiveCfg = Release|Any CPU
		{45F53A1E-24D3-902D-DD5B-DDB77D2719E5}.Release|Any CPU.Build.0 = Release|Any CPU
		{013F15CA-A9E7-2D5B-CA09-55939A5AB0F9}.Debug|Any CPU.ActiveCfg = Debug|Any CPU
		{013F15CA-A9E7-2D5B-CA09-55939A5AB0F9}.Debug|Any CPU.Build.0 = Debug|Any CPU
		{013F15CA-A9E7-2D5B-CA09-55939A5AB0F9}.Release|Any CPU.ActiveCfg = Release|Any CPU
		{013F15CA-A9E7-2D5B-CA09-55939A5AB0F9}.Release|Any CPU.Build.0 = Release|Any CPU
		{B1952123-01CE-5717-4E5A-CD7FA4F43A0C}.Debug|Any CPU.ActiveCfg = Debug|Any CPU
		{B1952123-01CE-5717-4E5A-CD7FA4F43A0C}.Debug|Any CPU.Build.0 = Debug|Any CPU
		{B1952123-01CE-5717-4E5A-CD7FA4F43A0C}.Release|Any CPU.ActiveCfg = Release|Any CPU
		{B1952123-01CE-5717-4E5A-CD7FA4F43A0C}.Release|Any CPU.Build.0 = Release|Any CPU
		{20C23ADB-93A2-2992-0653-6D56B2FA34E5}.Debug|Any CPU.ActiveCfg = Debug|Any CPU
		{20C23ADB-93A2-2992-0653-6D56B2FA34E5}.Debug|Any CPU.Build.0 = Debug|Any CPU
		{20C23ADB-93A2-2992-0653-6D56B2FA34E5}.Release|Any CPU.ActiveCfg = Release|Any CPU
		{20C23ADB-93A2-2992-0653-6D56B2FA34E5}.Release|Any CPU.Build.0 = Release|Any CPU
		{6DE4AD5C-896A-6530-754A-1BD49BD17B1E}.Debug|Any CPU.ActiveCfg = Debug|Any CPU
		{6DE4AD5C-896A-6530-754A-1BD49BD17B1E}.Debug|Any CPU.Build.0 = Debug|Any CPU
		{6DE4AD5C-896A-6530-754A-1BD49BD17B1E}.Release|Any CPU.ActiveCfg = Release|Any CPU
		{6DE4AD5C-896A-6530-754A-1BD49BD17B1E}.Release|Any CPU.Build.0 = Release|Any CPU
	EndGlobalSection
	GlobalSection(SolutionProperties) = preSolution
		HideSolutionNode = FALSE
	EndGlobalSection
EndGlobal
